
Microsoft Visual Studio Solution File, Format Version 12.00
# Visual Studio Version 17
VisualStudioVersion = 17.5.33502.453
MinimumVisualStudioVersion = 10.0.40219.1
Project("{8BC9CEB8-8B4A-11D0-8D11-00A0C91BC942}") = "HomeWork 14", "HomeWork 14\HomeWork 14.vcxproj", "{8330D8BC-731D-4829-96A0-36C5B66897D5}"
EndProject
Global
	GlobalSection(SolutionConfigurationPlatforms) = preSolution
		Debug|x64 = Debug|x64
		Debug|x86 = Debug|x86
		Release|x64 = Release|x64
		Release|x86 = Release|x86
	EndGlobalSection
	GlobalSection(ProjectConfigurationPlatforms) = postSolution
		{8330D8BC-731D-4829-96A0-36C5B66897D5}.Debug|x64.ActiveCfg = Debug|x64
		{8330D8BC-731D-4829-96A0-36C5B66897D5}.Debug|x64.Build.0 = Debug|x64
		{8330D8BC-731D-4829-96A0-36C5B66897D5}.Debug|x86.ActiveCfg = Debug|Win32
		{8330D8BC-731D-4829-96A0-36C5B66897D5}.Debug|x86.Build.0 = Debug|Win32
		{8330D8BC-731D-4829-96A0-36C5B66897D5}.Release|x64.ActiveCfg = Release|x64
		{8330D8BC-731D-4829-96A0-36C5B66897D5}.Release|x64.Build.0 = Release|x64
		{8330D8BC-731D-4829-96A0-36C5B66897D5}.Release|x86.ActiveCfg = Release|Win32
		{8330D8BC-731D-4829-96A0-36C5B66897D5}.Release|x86.Build.0 = Release|Win32
	EndGlobalSection
	GlobalSection(SolutionProperties) = preSolution
		HideSolutionNode = FALSE
	EndGlobalSection
	GlobalSection(ExtensibilityGlobals) = postSolution
		SolutionGuid = {42E139E1-39B1-4FE5-978A-52CCE3B29E11}
	EndGlobalSection
EndGlobal
